
Microsoft Visual Studio Solution File, Format Version 12.00
# Visual Studio 15
VisualStudioVersion = 15.0.28307.757
MinimumVisualStudioVersion = 10.0.40219.1
Project("{FAE04EC0-301F-11D3-BF4B-00C04F79EFBC}") = "PastQuestionPapers_JS.Android", "PastQuestionPapers_JS\PastQuestionPapers_JS.Android\PastQuestionPapers_JS.Android.csproj", "{D5BA2075-0F10-48B5-AB55-F5623D517778}"
EndProject
Project("{FAE04EC0-301F-11D3-BF4B-00C04F79EFBC}") = "PastQuestionPapers_JS.iOS", "PastQuestionPapers_JS\PastQuestionPapers_JS.iOS\PastQuestionPapers_JS.iOS.csproj", "{C31CCEC2-5D45-426C-8F67-F1B0739DCA6A}"
EndProject
Project("{FAE04EC0-301F-11D3-BF4B-00C04F79EFBC}") = "PastQuestionPapers_JS.UWP", "PastQuestionPapers_JS\PastQuestionPapers_JS.UWP\PastQuestionPapers_JS.UWP.csproj", "{C28B7546-3D31-467D-ADB0-B2F372D79AF4}"
EndProject
Project("{FAE04EC0-301F-11D3-BF4B-00C04F79EFBC}") = "PastQuestionPapers_JS", "PastQuestionPapers_JS\PastQuestionPapers_JS\PastQuestionPapers_JS.csproj", "{AAA79B01-E299-430E-B2FC-214B0688367A}"
EndProject
Global
	GlobalSection(SolutionConfigurationPlatforms) = preSolution
		Ad-Hoc|Any CPU = Ad-Hoc|Any CPU
		Ad-Hoc|ARM = Ad-Hoc|ARM
		Ad-Hoc|iPhone = Ad-Hoc|iPhone
		Ad-Hoc|iPhoneSimulator = Ad-Hoc|iPhoneSimulator
		Ad-Hoc|x64 = Ad-Hoc|x64
		Ad-Hoc|x86 = Ad-Hoc|x86
		AppStore|Any CPU = AppStore|Any CPU
		AppStore|ARM = AppStore|ARM
		AppStore|iPhone = AppStore|iPhone
		AppStore|iPhoneSimulator = AppStore|iPhoneSimulator
		AppStore|x64 = AppStore|x64
		AppStore|x86 = AppStore|x86
		Debug|Any CPU = Debug|Any CPU
		Debug|ARM = Debug|ARM
		Debug|iPhone = Debug|iPhone
		Debug|iPhoneSimulator = Debug|iPhoneSimulator
		Debug|x64 = Debug|x64
		Debug|x86 = Debug|x86
		Release|Any CPU = Release|Any CPU
		Release|ARM = Release|ARM
		Release|iPhone = Release|iPhone
		Release|iPhoneSimulator = Release|iPhoneSimulator
		Release|x64 = Release|x64
		Release|x86 = Release|x86
	EndGlobalSection
	GlobalSection(ProjectConfigurationPlatforms) = postSolution
		{D5BA2075-0F10-48B5-AB55-F5623D517778}.Ad-Hoc|Any CPU.ActiveCfg = Release|Any CPU
		{D5BA2075-0F10-48B5-AB55-F5623D517778}.Ad-Hoc|Any CPU.Build.0 = Release|Any CPU
		{D5BA2075-0F10-48B5-AB55-F5623D517778}.Ad-Hoc|Any CPU.Deploy.0 = Release|Any CPU
		{D5BA2075-0F10-48B5-AB55-F5623D517778}.Ad-Hoc|ARM.ActiveCfg = Release|Any CPU
		{D5BA2075-0F10-48B5-AB55-F5623D517778}.Ad-Hoc|ARM.Build.0 = Release|Any CPU
		{D5BA2075-0F10-48B5-AB55-F5623D517778}.Ad-Hoc|ARM.Deploy.0 = Release|Any CPU
		{D5BA2075-0F10-48B5-AB55-F5623D517778}.Ad-Hoc|iPhone.ActiveCfg = Release|Any CPU
		{D5BA2075-0F10-48B5-AB55-F5623D517778}.Ad-Hoc|iPhone.Build.0 = Release|Any CPU
		{D5BA2075-0F10-48B5-AB55-F5623D517778}.Ad-Hoc|iPhone.Deploy.0 = Release|Any CPU
		{D5BA2075-0F10-48B5-AB55-F5623D517778}.Ad-Hoc|iPhoneSimulator.ActiveCfg = Release|Any CPU
		{D5BA2075-0F10-48B5-AB55-F5623D517778}.Ad-Hoc|iPhoneSimulator.Build.0 = Release|Any CPU
		{D5BA2075-0F10-48B5-AB55-F5623D517778}.Ad-Hoc|iPhoneSimulator.Deploy.0 = Release|Any CPU
		{D5BA2075-0F10-48B5-AB55-F5623D517778}.Ad-Hoc|x64.ActiveCfg = Release|Any CPU
		{D5BA2075-0F10-48B5-AB55-F5623D517778}.Ad-Hoc|x64.Build.0 = Release|Any CPU
		{D5BA2075-0F10-48B5-AB55-F5623D517778}.Ad-Hoc|x64.Deploy.0 = Release|Any CPU
		{D5BA2075-0F10-48B5-AB55-F5623D517778}.Ad-Hoc|x86.ActiveCfg = Release|Any CPU
		{D5BA2075-0F10-48B5-AB55-F5623D517778}.Ad-Hoc|x86.Build.0 = Release|Any CPU
		{D5BA2075-0F10-48B5-AB55-F5623D517778}.Ad-Hoc|x86.Deploy.0 = Release|Any CPU
		{D5BA2075-0F10-48B5-AB55-F5623D517778}.AppStore|Any CPU.ActiveCfg = Release|Any CPU
		{D5BA2075-0F10-48B5-AB55-F5623D517778}.AppStore|Any CPU.Build.0 = Release|Any CPU
		{D5BA2075-0F10-48B5-AB55-F5623D517778}.AppStore|Any CPU.Deploy.0 = Release|Any CPU
		{D5BA2075-0F10-48B5-AB55-F5623D517778}.AppStore|ARM.ActiveCfg = Release|Any CPU
		{D5BA2075-0F10-48B5-AB55-F5623D517778}.AppStore|ARM.Build.0 = Release|Any CPU
		{D5BA2075-0F10-48B5-AB55-F5623D517778}.AppStore|ARM.Deploy.0 = Release|Any CPU
		{D5BA2075-0F10-48B5-AB55-F5623D517778}.AppStore|iPhone.ActiveCfg = Release|Any CPU
		{D5BA2075-0F10-48B5-AB55-F5623D517778}.AppStore|iPhone.Build.0 = Release|Any CPU
		{D5BA2075-0F10-48B5-AB55-F5623D517778}.AppStore|iPhone.Deploy.0 = Release|Any CPU
		{D5BA2075-0F10-48B5-AB55-F5623D517778}.AppStore|iPhoneSimulator.ActiveCfg = Release|Any CPU
		{D5BA2075-0F10-48B5-AB55-F5623D517778}.AppStore|iPhoneSimulator.Build.0 = Release|Any CPU
		{D5BA2075-0F10-48B5-AB55-F5623D517778}.AppStore|iPhoneSimulator.Deploy.0 = Release|Any CPU
		{D5BA2075-0F10-48B5-AB55-F5623D517778}.AppStore|x64.ActiveCfg = Release|Any CPU
		{D5BA2075-0F10-48B5-AB55-F5623D517778}.AppStore|x64.Build.0 = Release|Any CPU
		{D5BA2075-0F10-48B5-AB55-F5623D517778}.AppStore|x64.Deploy.0 = Release|Any CPU
		{D5BA2075-0F10-48B5-AB55-F5623D517778}.AppStore|x86.ActiveCfg = Release|Any CPU
		{D5BA2075-0F10-48B5-AB55-F5623D517778}.AppStore|x86.Build.0 = Release|Any CPU
		{D5BA2075-0F10-48B5-AB55-F5623D517778}.AppStore|x86.Deploy.0 = Release|Any CPU
		{D5BA2075-0F10-48B5-AB55-F5623D517778}.Debug|Any CPU.ActiveCfg = Debug|Any CPU
		{D5BA2075-0F10-48B5-AB55-F5623D517778}.Debug|Any CPU.Build.0 = Debug|Any CPU
		{D5BA2075-0F10-48B5-AB55-F5623D517778}.Debug|Any CPU.Deploy.0 = Debug|Any CPU
		{D5BA2075-0F10-48B5-AB55-F5623D517778}.Debug|ARM.ActiveCfg = Debug|Any CPU
		{D5BA2075-0F10-48B5-AB55-F5623D517778}.Debug|ARM.Build.0 = Debug|Any CPU
		{D5BA2075-0F10-48B5-AB55-F5623D517778}.Debug|ARM.Deploy.0 = Debug|Any CPU
		{D5BA2075-0F10-48B5-AB55-F5623D517778}.Debug|iPhone.ActiveCfg = Debug|Any CPU
		{D5BA2075-0F10-48B5-AB55-F5623D517778}.Debug|iPhone.Build.0 = Debug|Any CPU
		{D5BA2075-0F10-48B5-AB55-F5623D517778}.Debug|iPhone.Deploy.0 = Debug|Any CPU
		{D5BA2075-0F10-48B5-AB55-F5623D517778}.Debug|iPhoneSimulator.ActiveCfg = Debug|Any CPU
		{D5BA2075-0F10-48B5-AB55-F5623D517778}.Debug|iPhoneSimulator.Build.0 = Debug|Any CPU
		{D5BA2075-0F10-48B5-AB55-F5623D517778}.Debug|iPhoneSimulator.Deploy.0 = Debug|Any CPU
		{D5BA2075-0F10-48B5-AB55-F5623D517778}.Debug|x64.ActiveCfg = Debug|Any CPU
		{D5BA2075-0F10-48B5-AB55-F5623D517778}.Debug|x64.Build.0 = Debug|Any CPU
		{D5BA2075-0F10-48B5-AB55-F5623D517778}.Debug|x64.Deploy.0 = Debug|Any CPU
		{D5BA2075-0F10-48B5-AB55-F5623D517778}.Debug|x86.ActiveCfg = Debug|Any CPU
		{D5BA2075-0F10-48B5-AB55-F5623D517778}.Debug|x86.Build.0 = Debug|Any CPU
		{D5BA2075-0F10-48B5-AB55-F5623D517778}.Debug|x86.Deploy.0 = Debug|Any CPU
		{D5BA2075-0F10-48B5-AB55-F5623D517778}.Release|Any CPU.ActiveCfg = Release|Any CPU
		{D5BA2075-0F10-48B5-AB55-F5623D517778}.Release|Any CPU.Build.0 = Release|Any CPU
		{D5BA2075-0F10-48B5-AB55-F5623D517778}.Release|Any CPU.Deploy.0 = Release|Any CPU
		{D5BA2075-0F10-48B5-AB55-F5623D517778}.Release|ARM.ActiveCfg = Release|Any CPU
		{D5BA2075-0F10-48B5-AB55-F5623D517778}.Release|ARM.Build.0 = Release|Any CPU
		{D5BA2075-0F10-48B5-AB55-F5623D517778}.Release|ARM.Deploy.0 = Release|Any CPU
		{D5BA2075-0F10-48B5-AB55-F5623D517778}.Release|iPhone.ActiveCfg = Release|Any CPU
		{D5BA2075-0F10-48B5-AB55-F5623D517778}.Release|iPhone.Build.0 = Release|Any CPU
		{D5BA2075-0F10-48B5-AB55-F5623D517778}.Release|iPhone.Deploy.0 = Release|Any CPU
		{D5BA2075-0F10-48B5-AB55-F5623D517778}.Release|iPhoneSimulator.ActiveCfg = Release|Any CPU
		{D5BA2075-0F10-48B5-AB55-F5623D517778}.Release|iPhoneSimulator.Build.0 = Release|Any CPU
		{D5BA2075-0F10-48B5-AB55-F5623D517778}.Release|iPhoneSimulator.Deploy.0 = Release|Any CPU
		{D5BA2075-0F10-48B5-AB55-F5623D517778}.Release|x64.ActiveCfg = Release|Any CPU
		{D5BA2075-0F10-48B5-AB55-F5623D517778}.Release|x64.Build.0 = Release|Any CPU
		{D5BA2075-0F10-48B5-AB55-F5623D517778}.Release|x64.Deploy.0 = Release|Any CPU
		{D5BA2075-0F10-48B5-AB55-F5623D517778}.Release|x86.ActiveCfg = Release|Any CPU
		{D5BA2075-0F10-48B5-AB55-F5623D517778}.Release|x86.Build.0 = Release|Any CPU
		{D5BA2075-0F10-48B5-AB55-F5623D517778}.Release|x86.Deploy.0 = Release|Any CPU
		{C31CCEC2-5D45-426C-8F67-F1B0739DCA6A}.Ad-Hoc|Any CPU.ActiveCfg = Ad-Hoc|iPhone
		{C31CCEC2-5D45-426C-8F67-F1B0739DCA6A}.Ad-Hoc|Any CPU.Build.0 = Ad-Hoc|iPhone
		{C31CCEC2-5D45-426C-8F67-F1B0739DCA6A}.Ad-Hoc|Any CPU.Deploy.0 = Ad-Hoc|iPhone
		{C31CCEC2-5D45-426C-8F67-F1B0739DCA6A}.Ad-Hoc|ARM.ActiveCfg = Ad-Hoc|iPhone
		{C31CCEC2-5D45-426C-8F67-F1B0739DCA6A}.Ad-Hoc|ARM.Build.0 = Ad-Hoc|iPhone
		{C31CCEC2-5D45-426C-8F67-F1B0739DCA6A}.Ad-Hoc|ARM.Deploy.0 = Ad-Hoc|iPhone
		{C31CCEC2-5D45-426C-8F67-F1B0739DCA6A}.Ad-Hoc|iPhone.ActiveCfg = Ad-Hoc|iPhone
		{C31CCEC2-5D45-426C-8F67-F1B0739DCA6A}.Ad-Hoc|iPhone.Build.0 = Ad-Hoc|iPhone
		{C31CCEC2-5D45-426C-8F67-F1B0739DCA6A}.Ad-Hoc|iPhone.Deploy.0 = Ad-Hoc|iPhone
		{C31CCEC2-5D45-426C-8F67-F1B0739DCA6A}.Ad-Hoc|iPhoneSimulator.ActiveCfg = Ad-Hoc|iPhoneSimulator
		{C31CCEC2-5D45-426C-8F67-F1B0739DCA6A}.Ad-Hoc|iPhoneSimulator.Build.0 = Ad-Hoc|iPhoneSimulator
		{C31CCEC2-5D45-426C-8F67-F1B0739DCA6A}.Ad-Hoc|iPhoneSimulator.Deploy.0 = Ad-Hoc|iPhoneSimulator
		{C31CCEC2-5D45-426C-8F67-F1B0739DCA6A}.Ad-Hoc|x64.ActiveCfg = Ad-Hoc|iPhone
		{C31CCEC2-5D45-426C-8F67-F1B0739DCA6A}.Ad-Hoc|x64.Build.0 = Ad-Hoc|iPhone
		{C31CCEC2-5D45-426C-8F67-F1B0739DCA6A}.Ad-Hoc|x64.Deploy.0 = Ad-Hoc|iPhone
		{C31CCEC2-5D45-426C-8F67-F1B0739DCA6A}.Ad-Hoc|x86.ActiveCfg = Ad-Hoc|iPhone
		{C31CCEC2-5D45-426C-8F67-F1B0739DCA6A}.Ad-Hoc|x86.Build.0 = Ad-Hoc|iPhone
		{C31CCEC2-5D45-426C-8F67-F1B0739DCA6A}.Ad-Hoc|x86.Deploy.0 = Ad-Hoc|iPhone
		{C31CCEC2-5D45-426C-8F67-F1B0739DCA6A}.AppStore|Any CPU.ActiveCfg = AppStore|iPhone
		{C31CCEC2-5D45-426C-8F67-F1B0739DCA6A}.AppStore|Any CPU.Build.0 = AppStore|iPhone
		{C31CCEC2-5D45-426C-8F67-F1B0739DCA6A}.AppStore|Any CPU.Deploy.0 = AppStore|iPhone
		{C31CCEC2-5D45-426C-8F67-F1B0739DCA6A}.AppStore|ARM.ActiveCfg = AppStore|iPhone
		{C31CCEC2-5D45-426C-8F67-F1B0739DCA6A}.AppStore|ARM.Build.0 = AppStore|iPhone
		{C31CCEC2-5D45-426C-8F67-F1B0739DCA6A}.AppStore|ARM.Deploy.0 = AppStore|iPhone
		{C31CCEC2-5D45-426C-8F67-F1B0739DCA6A}.AppStore|iPhone.ActiveCfg = AppStore|iPhone
		{C31CCEC2-5D45-426C-8F67-F1B0739DCA6A}.AppStore|iPhone.Build.0 = AppStore|iPhone
		{C31CCEC2-5D45-426C-8F67-F1B0739DCA6A}.AppStore|iPhone.Deploy.0 = AppStore|iPhone
		{C31CCEC2-5D45-426C-8F67-F1B0739DCA6A}.AppStore|iPhoneSimulator.ActiveCfg = AppStore|iPhoneSimulator
		{C31CCEC2-5D45-426C-8F67-F1B0739DCA6A}.AppStore|iPhoneSimulator.Build.0 = AppStore|iPhoneSimulator
		{C31CCEC2-5D45-426C-8F67-F1B0739DCA6A}.AppStore|iPhoneSimulator.Deploy.0 = AppStore|iPhoneSimulator
		{C31CCEC2-5D45-426C-8F67-F1B0739DCA6A}.AppStore|x64.ActiveCfg = AppStore|iPhone
		{C31CCEC2-5D45-426C-8F67-F1B0739DCA6A}.AppStore|x64.Build.0 = AppStore|iPhone
		{C31CCEC2-5D45-426C-8F67-F1B0739DCA6A}.AppStore|x64.Deploy.0 = AppStore|iPhone
		{C31CCEC2-5D45-426C-8F67-F1B0739DCA6A}.AppStore|x86.ActiveCfg = AppStore|iPhone
		{C31CCEC2-5D45-426C-8F67-F1B0739DCA6A}.AppStore|x86.Build.0 = AppStore|iPhone
		{C31CCEC2-5D45-426C-8F67-F1B0739DCA6A}.AppStore|x86.Deploy.0 = AppStore|iPhone
		{C31CCEC2-5D45-426C-8F67-F1B0739DCA6A}.Debug|Any CPU.ActiveCfg = Debug|iPhoneSimulator
		{C31CCEC2-5D45-426C-8F67-F1B0739DCA6A}.Debug|Any CPU.Build.0 = Debug|iPhoneSimulator
		{C31CCEC2-5D45-426C-8F67-F1B0739DCA6A}.Debug|Any CPU.Deploy.0 = Debug|iPhoneSimulator
		{C31CCEC2-5D45-426C-8F67-F1B0739DCA6A}.Debug|ARM.ActiveCfg = Debug|iPhone
		{C31CCEC2-5D45-426C-8F67-F1B0739DCA6A}.Debug|ARM.Build.0 = Debug|iPhone
		{C31CCEC2-5D45-426C-8F67-F1B0739DCA6A}.Debug|ARM.Deploy.0 = Debug|iPhone
		{C31CCEC2-5D45-426C-8F67-F1B0739DCA6A}.Debug|iPhone.ActiveCfg = Debug|iPhone
		{C31CCEC2-5D45-426C-8F67-F1B0739DCA6A}.Debug|iPhone.Build.0 = Debug|iPhone
		{C31CCEC2-5D45-426C-8F67-F1B0739DCA6A}.Debug|iPhone.Deploy.0 = Debug|iPhone
		{C31CCEC2-5D45-426C-8F67-F1B0739DCA6A}.Debug|iPhoneSimulator.ActiveCfg = Debug|iPhoneSimulator
		{C31CCEC2-5D45-426C-8F67-F1B0739DCA6A}.Debug|iPhoneSimulator.Build.0 = Debug|iPhoneSimulator
		{C31CCEC2-5D45-426C-8F67-F1B0739DCA6A}.Debug|iPhoneSimulator.Deploy.0 = Debug|iPhoneSimulator
		{C31CCEC2-5D45-426C-8F67-F1B0739DCA6A}.Debug|x64.ActiveCfg = Debug|iPhone
		{C31CCEC2-5D45-426C-8F67-F1B0739DCA6A}.Debug|x64.Build.0 = Debug|iPhone
		{C31CCEC2-5D45-426C-8F67-F1B0739DCA6A}.Debug|x64.Deploy.0 = Debug|iPhone
		{C31CCEC2-5D45-426C-8F67-F1B0739DCA6A}.Debug|x86.ActiveCfg = Debug|iPhone
		{C31CCEC2-5D45-426C-8F67-F1B0739DCA6A}.Debug|x86.Build.0 = Debug|iPhone
		{C31CCEC2-5D45-426C-8F67-F1B0739DCA6A}.Debug|x86.Deploy.0 = Debug|iPhone
		{C31CCEC2-5D45-426C-8F67-F1B0739DCA6A}.Release|Any CPU.ActiveCfg = Release|iPhone
		{C31CCEC2-5D45-426C-8F67-F1B0739DCA6A}.Release|Any CPU.Build.0 = Release|iPhone
		{C31CCEC2-5D45-426C-8F67-F1B0739DCA6A}.Release|Any CPU.Deploy.0 = Release|iPhone
		{C31CCEC2-5D45-426C-8F67-F1B0739DCA6A}.Release|ARM.ActiveCfg = Release|iPhone
		{C31CCEC2-5D45-426C-8F67-F1B0739DCA6A}.Release|ARM.Build.0 = Release|iPhone
		{C31CCEC2-5D45-426C-8F67-F1B0739DCA6A}.Release|ARM.Deploy.0 = Release|iPhone
		{C31CCEC2-5D45-426C-8F67-F1B0739DCA6A}.Release|iPhone.ActiveCfg = Release|iPhone
		{C31CCEC2-5D45-426C-8F67-F1B0739DCA6A}.Release|iPhone.Build.0 = Release|iPhone
		{C31CCEC2-5D45-426C-8F67-F1B0739DCA6A}.Release|iPhone.Deploy.0 = Release|iPhone
		{C31CCEC2-5D45-426C-8F67-F1B0739DCA6A}.Release|iPhoneSimulator.ActiveCfg = Release|iPhoneSimulator
		{C31CCEC2-5D45-426C-8F67-F1B0739DCA6A}.Release|iPhoneSimulator.Build.0 = Release|iPhoneSimulator
		{C31CCEC2-5D45-426C-8F67-F1B0739DCA6A}.Release|iPhoneSimulator.Deploy.0 = Release|iPhoneSimulator
		{C31CCEC2-5D45-426C-8F67-F1B0739DCA6A}.Release|x64.ActiveCfg = Release|iPhone
		{C31CCEC2-5D45-426C-8F67-F1B0739DCA6A}.Release|x64.Build.0 = Release|iPhone
		{C31CCEC2-5D45-426C-8F67-F1B0739DCA6A}.Release|x64.Deploy.0 = Release|iPhone
		{C31CCEC2-5D45-426C-8F67-F1B0739DCA6A}.Release|x86.ActiveCfg = Release|iPhone
		{C31CCEC2-5D45-426C-8F67-F1B0739DCA6A}.Release|x86.Build.0 = Release|iPhone
		{C31CCEC2-5D45-426C-8F67-F1B0739DCA6A}.Release|x86.Deploy.0 = Release|iPhone
		{C28B7546-3D31-467D-ADB0-B2F372D79AF4}.Ad-Hoc|Any CPU.ActiveCfg = Release|x86
		{C28B7546-3D31-467D-ADB0-B2F372D79AF4}.Ad-Hoc|Any CPU.Build.0 = Release|x86
		{C28B7546-3D31-467D-ADB0-B2F372D79AF4}.Ad-Hoc|Any CPU.Deploy.0 = Release|x86
		{C28B7546-3D31-467D-ADB0-B2F372D79AF4}.Ad-Hoc|ARM.ActiveCfg = Release|ARM
		{C28B7546-3D31-467D-ADB0-B2F372D79AF4}.Ad-Hoc|ARM.Build.0 = Release|ARM
		{C28B7546-3D31-467D-ADB0-B2F372D79AF4}.Ad-Hoc|ARM.Deploy.0 = Release|ARM
		{C28B7546-3D31-467D-ADB0-B2F372D79AF4}.Ad-Hoc|iPhone.ActiveCfg = Release|x86
		{C28B7546-3D31-467D-ADB0-B2F372D79AF4}.Ad-Hoc|iPhone.Build.0 = Release|x86
		{C28B7546-3D31-467D-ADB0-B2F372D79AF4}.Ad-Hoc|iPhone.Deploy.0 = Release|x86
		{C28B7546-3D31-467D-ADB0-B2F372D79AF4}.Ad-Hoc|iPhoneSimulator.ActiveCfg = Release|x86
		{C28B7546-3D31-467D-ADB0-B2F372D79AF4}.Ad-Hoc|iPhoneSimulator.Build.0 = Release|x86
		{C28B7546-3D31-467D-ADB0-B2F372D79AF4}.Ad-Hoc|iPhoneSimulator.Deploy.0 = Release|x86
		{C28B7546-3D31-467D-ADB0-B2F372D79AF4}.Ad-Hoc|x64.ActiveCfg = Release|x64
		{C28B7546-3D31-467D-ADB0-B2F372D79AF4}.Ad-Hoc|x64.Build.0 = Release|x64
		{C28B7546-3D31-467D-ADB0-B2F372D79AF4}.Ad-Hoc|x64.Deploy.0 = Release|x64
		{C28B7546-3D31-467D-ADB0-B2F372D79AF4}.Ad-Hoc|x86.ActiveCfg = Release|x86
		{C28B7546-3D31-467D-ADB0-B2F372D79AF4}.Ad-Hoc|x86.Build.0 = Release|x86
		{C28B7546-3D31-467D-ADB0-B2F372D79AF4}.Ad-Hoc|x86.Deploy.0 = Release|x86
		{C28B7546-3D31-467D-ADB0-B2F372D79AF4}.AppStore|Any CPU.ActiveCfg = Release|x86
		{C28B7546-3D31-467D-ADB0-B2F372D79AF4}.AppStore|Any CPU.Build.0 = Release|x86
		{C28B7546-3D31-467D-ADB0-B2F372D79AF4}.AppStore|Any CPU.Deploy.0 = Release|x86
		{C28B7546-3D31-467D-ADB0-B2F372D79AF4}.AppStore|ARM.ActiveCfg = Release|ARM
		{C28B7546-3D31-467D-ADB0-B2F372D79AF4}.AppStore|ARM.Build.0 = Release|ARM
		{C28B7546-3D31-467D-ADB0-B2F372D79AF4}.AppStore|ARM.Deploy.0 = Release|ARM
		{C28B7546-3D31-467D-ADB0-B2F372D79AF4}.AppStore|iPhone.ActiveCfg = Release|x86
		{C28B7546-3D31-467D-ADB0-B2F372D79AF4}.AppStore|iPhone.Build.0 = Release|x86
		{C28B7546-3D31-467D-ADB0-B2F372D79AF4}.AppStore|iPhone.Deploy.0 = Release|x86
		{C28B7546-3D31-467D-ADB0-B2F372D79AF4}.AppStore|iPhoneSimulator.ActiveCfg = Release|x86
		{C28B7546-3D31-467D-ADB0-B2F372D79AF4}.AppStore|iPhoneSimulator.Build.0 = Release|x86
		{C28B7546-3D31-467D-ADB0-B2F372D79AF4}.AppStore|iPhoneSimulator.Deploy.0 = Release|x86
		{C28B7546-3D31-467D-ADB0-B2F372D79AF4}.AppStore|x64.ActiveCfg = Release|x64
		{C28B7546-3D31-467D-ADB0-B2F372D79AF4}.AppStore|x64.Build.0 = Release|x64
		{C28B7546-3D31-467D-ADB0-B2F372D79AF4}.AppStore|x64.Deploy.0 = Release|x64
		{C28B7546-3D31-467D-ADB0-B2F372D79AF4}.AppStore|x86.ActiveCfg = Release|x86
		{C28B7546-3D31-467D-ADB0-B2F372D79AF4}.AppStore|x86.Build.0 = Release|x86
		{C28B7546-3D31-467D-ADB0-B2F372D79AF4}.AppStore|x86.Deploy.0 = Release|x86
		{C28B7546-3D31-467D-ADB0-B2F372D79AF4}.Debug|Any CPU.ActiveCfg = Debug|x86
		{C28B7546-3D31-467D-ADB0-B2F372D79AF4}.Debug|Any CPU.Build.0 = Debug|x86
		{C28B7546-3D31-467D-ADB0-B2F372D79AF4}.Debug|Any CPU.Deploy.0 = Debug|x86
		{C28B7546-3D31-467D-ADB0-B2F372D79AF4}.Debug|ARM.ActiveCfg = Debug|ARM
		{C28B7546-3D31-467D-ADB0-B2F372D79AF4}.Debug|ARM.Build.0 = Debug|ARM
		{C28B7546-3D31-467D-ADB0-B2F372D79AF4}.Debug|ARM.Deploy.0 = Debug|ARM
		{C28B7546-3D31-467D-ADB0-B2F372D79AF4}.Debug|iPhone.ActiveCfg = Debug|x86
		{C28B7546-3D31-467D-ADB0-B2F372D79AF4}.Debug|iPhone.Build.0 = Debug|x86
		{C28B7546-3D31-467D-ADB0-B2F372D79AF4}.Debug|iPhone.Deploy.0 = Debug|x86
		{C28B7546-3D31-467D-ADB0-B2F372D79AF4}.Debug|iPhoneSimulator.ActiveCfg = Debug|x86
		{C28B7546-3D31-467D-ADB0-B2F372D79AF4}.Debug|iPhoneSimulator.Build.0 = Debug|x86
		{C28B7546-3D31-467D-ADB0-B2F372D79AF4}.Debug|iPhoneSimulator.Deploy.0 = Debug|x86
		{C28B7546-3D31-467D-ADB0-B2F372D79AF4}.Debug|x64.ActiveCfg = Debug|x64
		{C28B7546-3D31-467D-ADB0-B2F372D79AF4}.Debug|x64.Build.0 = Debug|x64
		{C28B7546-3D31-467D-ADB0-B2F372D79AF4}.Debug|x64.Deploy.0 = Debug|x64
		{C28B7546-3D31-467D-ADB0-B2F372D79AF4}.Debug|x86.ActiveCfg = Debug|x86
		{C28B7546-3D31-467D-ADB0-B2F372D79AF4}.Debug|x86.Build.0 = Debug|x86
		{C28B7546-3D31-467D-ADB0-B2F372D79AF4}.Debug|x86.Deploy.0 = Debug|x86
		{C28B7546-3D31-467D-ADB0-B2F372D79AF4}.Release|Any CPU.ActiveCfg = Release|x86
		{C28B7546-3D31-467D-ADB0-B2F372D79AF4}.Release|Any CPU.Build.0 = Release|x86
		{C28B7546-3D31-467D-ADB0-B2F372D79AF4}.Release|Any CPU.Deploy.0 = Release|x86
		{C28B7546-3D31-467D-ADB0-B2F372D79AF4}.Release|ARM.ActiveCfg = Release|ARM
		{C28B7546-3D31-467D-ADB0-B2F372D79AF4}.Release|ARM.Build.0 = Release|ARM
		{C28B7546-3D31-467D-ADB0-B2F372D79AF4}.Release|ARM.Deploy.0 = Release|ARM
		{C28B7546-3D31-467D-ADB0-B2F372D79AF4}.Release|iPhone.ActiveCfg = Release|x86
		{C28B7546-3D31-467D-ADB0-B2F372D79AF4}.Release|iPhone.Build.0 = Release|x86
		{C28B7546-3D31-467D-ADB0-B2F372D79AF4}.Release|iPhone.Deploy.0 = Release|x86
		{C28B7546-3D31-467D-ADB0-B2F372D79AF4}.Release|iPhoneSimulator.ActiveCfg = Release|x86
		{C28B7546-3D31-467D-ADB0-B2F372D79AF4}.Release|iPhoneSimulator.Build.0 = Release|x86
		{C28B7546-3D31-467D-ADB0-B2F372D79AF4}.Release|iPhoneSimulator.Deploy.0 = Release|x86
		{C28B7546-3D31-467D-ADB0-B2F372D79AF4}.Release|x64.ActiveCfg = Release|x64
		{C28B7546-3D31-467D-ADB0-B2F372D79AF4}.Release|x64.Build.0 = Release|x64
		{C28B7546-3D31-467D-ADB0-B2F372D79AF4}.Release|x64.Deploy.0 = Release|x64
		{C28B7546-3D31-467D-ADB0-B2F372D79AF4}.Release|x86.ActiveCfg = Release|x86
		{C28B7546-3D31-467D-ADB0-B2F372D79AF4}.Release|x86.Build.0 = Release|x86
		{C28B7546-3D31-467D-ADB0-B2F372D79AF4}.Release|x86.Deploy.0 = Release|x86
		{AAA79B01-E299-430E-B2FC-214B0688367A}.Ad-Hoc|Any CPU.ActiveCfg = Debug|Any CPU
		{AAA79B01-E299-430E-B2FC-214B0688367A}.Ad-Hoc|Any CPU.Build.0 = Debug|Any CPU
		{AAA79B01-E299-430E-B2FC-214B0688367A}.Ad-Hoc|Any CPU.Deploy.0 = Debug|Any CPU
		{AAA79B01-E299-430E-B2FC-214B0688367A}.Ad-Hoc|ARM.ActiveCfg = Debug|Any CPU
		{AAA79B01-E299-430E-B2FC-214B0688367A}.Ad-Hoc|ARM.Build.0 = Debug|Any CPU
		{AAA79B01-E299-430E-B2FC-214B0688367A}.Ad-Hoc|ARM.Deploy.0 = Debug|Any CPU
		{AAA79B01-E299-430E-B2FC-214B0688367A}.Ad-Hoc|iPhone.ActiveCfg = Debug|Any CPU
		{AAA79B01-E299-430E-B2FC-214B0688367A}.Ad-Hoc|iPhone.Build.0 = Debug|Any CPU
		{AAA79B01-E299-430E-B2FC-214B0688367A}.Ad-Hoc|iPhone.Deploy.0 = Debug|Any CPU
		{AAA79B01-E299-430E-B2FC-214B0688367A}.Ad-Hoc|iPhoneSimulator.ActiveCfg = Debug|Any CPU
		{AAA79B01-E299-430E-B2FC-214B0688367A}.Ad-Hoc|iPhoneSimulator.Build.0 = Debug|Any CPU
		{AAA79B01-E299-430E-B2FC-214B0688367A}.Ad-Hoc|iPhoneSimulator.Deploy.0 = Debug|Any CPU
		{AAA79B01-E299-430E-B2FC-214B0688367A}.Ad-Hoc|x64.ActiveCfg = Debug|Any CPU
		{AAA79B01-E299-430E-B2FC-214B0688367A}.Ad-Hoc|x64.Build.0 = Debug|Any CPU
		{AAA79B01-E299-430E-B2FC-214B0688367A}.Ad-Hoc|x64.Deploy.0 = Debug|Any CPU
		{AAA79B01-E299-430E-B2FC-214B0688367A}.Ad-Hoc|x86.ActiveCfg = Debug|Any CPU
		{AAA79B01-E299-430E-B2FC-214B0688367A}.Ad-Hoc|x86.Build.0 = Debug|Any CPU
		{AAA79B01-E299-430E-B2FC-214B0688367A}.Ad-Hoc|x86.Deploy.0 = Debug|Any CPU
		{AAA79B01-E299-430E-B2FC-214B0688367A}.AppStore|Any CPU.ActiveCfg = Debug|Any CPU
		{AAA79B01-E299-430E-B2FC-214B0688367A}.AppStore|Any CPU.Build.0 = Debug|Any CPU
		{AAA79B01-E299-430E-B2FC-214B0688367A}.AppStore|Any CPU.Deploy.0 = Debug|Any CPU
		{AAA79B01-E299-430E-B2FC-214B0688367A}.AppStore|ARM.ActiveCfg = Debug|Any CPU
		{AAA79B01-E299-430E-B2FC-214B0688367A}.AppStore|ARM.Build.0 = Debug|Any CPU
		{AAA79B01-E299-430E-B2FC-214B0688367A}.AppStore|ARM.Deploy.0 = Debug|Any CPU
		{AAA79B01-E299-430E-B2FC-214B0688367A}.AppStore|iPhone.ActiveCfg = Debug|Any CPU
		{AAA79B01-E299-430E-B2FC-214B0688367A}.AppStore|iPhone.Build.0 = Debug|Any CPU
		{AAA79B01-E299-430E-B2FC-214B0688367A}.AppStore|iPhone.Deploy.0 = Debug|Any CPU
		{AAA79B01-E299-430E-B2FC-214B0688367A}.AppStore|iPhoneSimulator.ActiveCfg = Debug|Any CPU
		{AAA79B01-E299-430E-B2FC-214B0688367A}.AppStore|iPhoneSimulator.Build.0 = Debug|Any CPU
		{AAA79B01-E299-430E-B2FC-214B0688367A}.AppStore|iPhoneSimulator.Deploy.0 = Debug|Any CPU
		{AAA79B01-E299-430E-B2FC-214B0688367A}.AppStore|x64.ActiveCfg = Debug|Any CPU
		{AAA79B01-E299-430E-B2FC-214B0688367A}.AppStore|x64.Build.0 = Debug|Any CPU
		{AAA79B01-E299-430E-B2FC-214B0688367A}.AppStore|x64.Deploy.0 = Debug|Any CPU
		{AAA79B01-E299-430E-B2FC-214B0688367A}.AppStore|x86.ActiveCfg = Debug|Any CPU
		{AAA79B01-E299-430E-B2FC-214B0688367A}.AppStore|x86.Build.0 = Debug|Any CPU
		{AAA79B01-E299-430E-B2FC-214B0688367A}.AppStore|x86.Deploy.0 = Debug|Any CPU
		{AAA79B01-E299-430E-B2FC-214B0688367A}.Debug|Any CPU.ActiveCfg = Debug|Any CPU
		{AAA79B01-E299-430E-B2FC-214B0688367A}.Debug|Any CPU.Build.0 = Debug|Any CPU
		{AAA79B01-E299-430E-B2FC-214B0688367A}.Debug|Any CPU.Deploy.0 = Debug|Any CPU
		{AAA79B01-E299-430E-B2FC-214B0688367A}.Debug|ARM.ActiveCfg = Debug|Any CPU
		{AAA79B01-E299-430E-B2FC-214B0688367A}.Debug|ARM.Build.0 = Debug|Any CPU
		{AAA79B01-E299-430E-B2FC-214B0688367A}.Debug|ARM.Deploy.0 = Debug|Any CPU
		{AAA79B01-E299-430E-B2FC-214B0688367A}.Debug|iPhone.ActiveCfg = Debug|Any CPU
		{AAA79B01-E299-430E-B2FC-214B0688367A}.Debug|iPhone.Build.0 = Debug|Any CPU
		{AAA79B01-E299-430E-B2FC-214B0688367A}.Debug|iPhone.Deploy.0 = Debug|Any CPU
		{AAA79B01-E299-430E-B2FC-214B0688367A}.Debug|iPhoneSimulator.ActiveCfg = Debug|Any CPU
		{AAA79B01-E299-430E-B2FC-214B0688367A}.Debug|iPhoneSimulator.Build.0 = Debug|Any CPU
		{AAA79B01-E299-430E-B2FC-214B0688367A}.Debug|iPhoneSimulator.Deploy.0 = Debug|Any CPU
		{AAA79B01-E299-430E-B2FC-214B0688367A}.Debug|x64.ActiveCfg = Debug|Any CPU
		{AAA79B01-E299-430E-B2FC-214B0688367A}.Debug|x64.Build.0 = Debug|Any CPU
		{AAA79B01-E299-430E-B2FC-214B0688367A}.Debug|x64.Deploy.0 = Debug|Any CPU
		{AAA79B01-E299-430E-B2FC-214B0688367A}.Debug|x86.ActiveCfg = Debug|Any CPU
		{AAA79B01-E299-430E-B2FC-214B0688367A}.Debug|x86.Build.0 = Debug|Any CPU
		{AAA79B01-E299-430E-B2FC-214B0688367A}.Debug|x86.Deploy.0 = Debug|Any CPU
		{AAA79B01-E299-430E-B2FC-214B0688367A}.Release|Any CPU.ActiveCfg = Release|Any CPU
		{AAA79B01-E299-430E-B2FC-214B0688367A}.Release|Any CPU.Build.0 = Release|Any CPU
		{AAA79B01-E299-430E-B2FC-214B0688367A}.Release|Any CPU.Deploy.0 = Release|Any CPU
		{AAA79B01-E299-430E-B2FC-214B0688367A}.Release|ARM.ActiveCfg = Release|Any CPU
		{AAA79B01-E299-430E-B2FC-214B0688367A}.Release|ARM.Build.0 = Release|Any CPU
		{AAA79B01-E299-430E-B2FC-214B0688367A}.Release|ARM.Deploy.0 = Release|Any CPU
		{AAA79B01-E299-430E-B2FC-214B0688367A}.Release|iPhone.ActiveCfg = Release|Any CPU
		{AAA79B01-E299-430E-B2FC-214B0688367A}.Release|iPhone.Build.0 = Release|Any CPU
		{AAA79B01-E299-430E-B2FC-214B0688367A}.Release|iPhone.Deploy.0 = Release|Any CPU
		{AAA79B01-E299-430E-B2FC-214B0688367A}.Release|iPhoneSimulator.ActiveCfg = Release|Any CPU
		{AAA79B01-E299-430E-B2FC-214B0688367A}.Release|iPhoneSimulator.Build.0 = Release|Any CPU
		{AAA79B01-E299-430E-B2FC-214B0688367A}.Release|iPhoneSimulator.Deploy.0 = Release|Any CPU
		{AAA79B01-E299-430E-B2FC-214B0688367A}.Release|x64.ActiveCfg = Release|Any CPU
		{AAA79B01-E299-430E-B2FC-214B0688367A}.Release|x64.Build.0 = Release|Any CPU
		{AAA79B01-E299-430E-B2FC-214B0688367A}.Release|x64.Deploy.0 = Release|Any CPU
		{AAA79B01-E299-430E-B2FC-214B0688367A}.Release|x86.ActiveCfg = Release|Any CPU
		{AAA79B01-E299-430E-B2FC-214B0688367A}.Release|x86.Build.0 = Release|Any CPU
		{AAA79B01-E299-430E-B2FC-214B0688367A}.Release|x86.Deploy.0 = Release|Any CPU
	EndGlobalSection
	GlobalSection(SolutionProperties) = preSolution
		HideSolutionNode = FALSE
	EndGlobalSection
	GlobalSection(ExtensibilityGlobals) = postSolution
		SolutionGuid = {24F58BBC-4E3A-44C8-A449-78618DE03B87}
	EndGlobalSection
EndGlobal
