
Microsoft Visual Studio Solution File, Format Version 12.00
# Visual Studio 15
VisualStudioVersion = 15.0.28307.489
MinimumVisualStudioVersion = 10.0.40219.1
Project("{FAE04EC0-301F-11D3-BF4B-00C04F79EFBC}") = "Sample.Android", "Sample\Sample.Android\Sample.Android.csproj", "{36403EEC-74DB-43BD-A005-45E718CE8609}"
EndProject
Project("{FAE04EC0-301F-11D3-BF4B-00C04F79EFBC}") = "Sample.iOS", "Sample\Sample.iOS\Sample.iOS.csproj", "{77C1D32C-4B18-491A-9334-EB663BBBFDFF}"
EndProject
Project("{FAE04EC0-301F-11D3-BF4B-00C04F79EFBC}") = "Sample.UWP", "Sample\Sample.UWP\Sample.UWP.csproj", "{EE43A0FC-47BB-4EBB-8B35-3B1D890AB1B3}"
EndProject
Project("{FAE04EC0-301F-11D3-BF4B-00C04F79EFBC}") = "Sample", "Sample\Sample\Sample.csproj", "{2098AF02-838C-4C2E-A224-0B4A7DEB2DBE}"
EndProject
Global
	GlobalSection(SolutionConfigurationPlatforms) = preSolution
		Ad-Hoc|Any CPU = Ad-Hoc|Any CPU
		Ad-Hoc|ARM = Ad-Hoc|ARM
		Ad-Hoc|iPhone = Ad-Hoc|iPhone
		Ad-Hoc|iPhoneSimulator = Ad-Hoc|iPhoneSimulator
		Ad-Hoc|x64 = Ad-Hoc|x64
		Ad-Hoc|x86 = Ad-Hoc|x86
		AppStore|Any CPU = AppStore|Any CPU
		AppStore|ARM = AppStore|ARM
		AppStore|iPhone = AppStore|iPhone
		AppStore|iPhoneSimulator = AppStore|iPhoneSimulator
		AppStore|x64 = AppStore|x64
		AppStore|x86 = AppStore|x86
		Debug|Any CPU = Debug|Any CPU
		Debug|ARM = Debug|ARM
		Debug|iPhone = Debug|iPhone
		Debug|iPhoneSimulator = Debug|iPhoneSimulator
		Debug|x64 = Debug|x64
		Debug|x86 = Debug|x86
		Release|Any CPU = Release|Any CPU
		Release|ARM = Release|ARM
		Release|iPhone = Release|iPhone
		Release|iPhoneSimulator = Release|iPhoneSimulator
		Release|x64 = Release|x64
		Release|x86 = Release|x86
	EndGlobalSection
	GlobalSection(ProjectConfigurationPlatforms) = postSolution
		{36403EEC-74DB-43BD-A005-45E718CE8609}.Ad-Hoc|Any CPU.ActiveCfg = Release|Any CPU
		{36403EEC-74DB-43BD-A005-45E718CE8609}.Ad-Hoc|Any CPU.Build.0 = Release|Any CPU
		{36403EEC-74DB-43BD-A005-45E718CE8609}.Ad-Hoc|Any CPU.Deploy.0 = Release|Any CPU
		{36403EEC-74DB-43BD-A005-45E718CE8609}.Ad-Hoc|ARM.ActiveCfg = Release|Any CPU
		{36403EEC-74DB-43BD-A005-45E718CE8609}.Ad-Hoc|ARM.Build.0 = Release|Any CPU
		{36403EEC-74DB-43BD-A005-45E718CE8609}.Ad-Hoc|ARM.Deploy.0 = Release|Any CPU
		{36403EEC-74DB-43BD-A005-45E718CE8609}.Ad-Hoc|iPhone.ActiveCfg = Release|Any CPU
		{36403EEC-74DB-43BD-A005-45E718CE8609}.Ad-Hoc|iPhone.Build.0 = Release|Any CPU
		{36403EEC-74DB-43BD-A005-45E718CE8609}.Ad-Hoc|iPhone.Deploy.0 = Release|Any CPU
		{36403EEC-74DB-43BD-A005-45E718CE8609}.Ad-Hoc|iPhoneSimulator.ActiveCfg = Release|Any CPU
		{36403EEC-74DB-43BD-A005-45E718CE8609}.Ad-Hoc|iPhoneSimulator.Build.0 = Release|Any CPU
		{36403EEC-74DB-43BD-A005-45E718CE8609}.Ad-Hoc|iPhoneSimulator.Deploy.0 = Release|Any CPU
		{36403EEC-74DB-43BD-A005-45E718CE8609}.Ad-Hoc|x64.ActiveCfg = Release|Any CPU
		{36403EEC-74DB-43BD-A005-45E718CE8609}.Ad-Hoc|x64.Build.0 = Release|Any CPU
		{36403EEC-74DB-43BD-A005-45E718CE8609}.Ad-Hoc|x64.Deploy.0 = Release|Any CPU
		{36403EEC-74DB-43BD-A005-45E718CE8609}.Ad-Hoc|x86.ActiveCfg = Release|Any CPU
		{36403EEC-74DB-43BD-A005-45E718CE8609}.Ad-Hoc|x86.Build.0 = Release|Any CPU
		{36403EEC-74DB-43BD-A005-45E718CE8609}.Ad-Hoc|x86.Deploy.0 = Release|Any CPU
		{36403EEC-74DB-43BD-A005-45E718CE8609}.AppStore|Any CPU.ActiveCfg = Release|Any CPU
		{36403EEC-74DB-43BD-A005-45E718CE8609}.AppStore|Any CPU.Build.0 = Release|Any CPU
		{36403EEC-74DB-43BD-A005-45E718CE8609}.AppStore|Any CPU.Deploy.0 = Release|Any CPU
		{36403EEC-74DB-43BD-A005-45E718CE8609}.AppStore|ARM.ActiveCfg = Release|Any CPU
		{36403EEC-74DB-43BD-A005-45E718CE8609}.AppStore|ARM.Build.0 = Release|Any CPU
		{36403EEC-74DB-43BD-A005-45E718CE8609}.AppStore|ARM.Deploy.0 = Release|Any CPU
		{36403EEC-74DB-43BD-A005-45E718CE8609}.AppStore|iPhone.ActiveCfg = Release|Any CPU
		{36403EEC-74DB-43BD-A005-45E718CE8609}.AppStore|iPhone.Build.0 = Release|Any CPU
		{36403EEC-74DB-43BD-A005-45E718CE8609}.AppStore|iPhone.Deploy.0 = Release|Any CPU
		{36403EEC-74DB-43BD-A005-45E718CE8609}.AppStore|iPhoneSimulator.ActiveCfg = Release|Any CPU
		{36403EEC-74DB-43BD-A005-45E718CE8609}.AppStore|iPhoneSimulator.Build.0 = Release|Any CPU
		{36403EEC-74DB-43BD-A005-45E718CE8609}.AppStore|iPhoneSimulator.Deploy.0 = Release|Any CPU
		{36403EEC-74DB-43BD-A005-45E718CE8609}.AppStore|x64.ActiveCfg = Release|Any CPU
		{36403EEC-74DB-43BD-A005-45E718CE8609}.AppStore|x64.Build.0 = Release|Any CPU
		{36403EEC-74DB-43BD-A005-45E718CE8609}.AppStore|x64.Deploy.0 = Release|Any CPU
		{36403EEC-74DB-43BD-A005-45E718CE8609}.AppStore|x86.ActiveCfg = Release|Any CPU
		{36403EEC-74DB-43BD-A005-45E718CE8609}.AppStore|x86.Build.0 = Release|Any CPU
		{36403EEC-74DB-43BD-A005-45E718CE8609}.AppStore|x86.Deploy.0 = Release|Any CPU
		{36403EEC-74DB-43BD-A005-45E718CE8609}.Debug|Any CPU.ActiveCfg = Debug|Any CPU
		{36403EEC-74DB-43BD-A005-45E718CE8609}.Debug|Any CPU.Build.0 = Debug|Any CPU
		{36403EEC-74DB-43BD-A005-45E718CE8609}.Debug|Any CPU.Deploy.0 = Debug|Any CPU
		{36403EEC-74DB-43BD-A005-45E718CE8609}.Debug|ARM.ActiveCfg = Debug|Any CPU
		{36403EEC-74DB-43BD-A005-45E718CE8609}.Debug|ARM.Build.0 = Debug|Any CPU
		{36403EEC-74DB-43BD-A005-45E718CE8609}.Debug|ARM.Deploy.0 = Debug|Any CPU
		{36403EEC-74DB-43BD-A005-45E718CE8609}.Debug|iPhone.ActiveCfg = Debug|Any CPU
		{36403EEC-74DB-43BD-A005-45E718CE8609}.Debug|iPhone.Build.0 = Debug|Any CPU
		{36403EEC-74DB-43BD-A005-45E718CE8609}.Debug|iPhone.Deploy.0 = Debug|Any CPU
		{36403EEC-74DB-43BD-A005-45E718CE8609}.Debug|iPhoneSimulator.ActiveCfg = Debug|Any CPU
		{36403EEC-74DB-43BD-A005-45E718CE8609}.Debug|iPhoneSimulator.Build.0 = Debug|Any CPU
		{36403EEC-74DB-43BD-A005-45E718CE8609}.Debug|iPhoneSimulator.Deploy.0 = Debug|Any CPU
		{36403EEC-74DB-43BD-A005-45E718CE8609}.Debug|x64.ActiveCfg = Debug|Any CPU
		{36403EEC-74DB-43BD-A005-45E718CE8609}.Debug|x64.Build.0 = Debug|Any CPU
		{36403EEC-74DB-43BD-A005-45E718CE8609}.Debug|x64.Deploy.0 = Debug|Any CPU
		{36403EEC-74DB-43BD-A005-45E718CE8609}.Debug|x86.ActiveCfg = Debug|Any CPU
		{36403EEC-74DB-43BD-A005-45E718CE8609}.Debug|x86.Build.0 = Debug|Any CPU
		{36403EEC-74DB-43BD-A005-45E718CE8609}.Debug|x86.Deploy.0 = Debug|Any CPU
		{36403EEC-74DB-43BD-A005-45E718CE8609}.Release|Any CPU.ActiveCfg = Release|Any CPU
		{36403EEC-74DB-43BD-A005-45E718CE8609}.Release|Any CPU.Build.0 = Release|Any CPU
		{36403EEC-74DB-43BD-A005-45E718CE8609}.Release|Any CPU.Deploy.0 = Release|Any CPU
		{36403EEC-74DB-43BD-A005-45E718CE8609}.Release|ARM.ActiveCfg = Release|Any CPU
		{36403EEC-74DB-43BD-A005-45E718CE8609}.Release|ARM.Build.0 = Release|Any CPU
		{36403EEC-74DB-43BD-A005-45E718CE8609}.Release|ARM.Deploy.0 = Release|Any CPU
		{36403EEC-74DB-43BD-A005-45E718CE8609}.Release|iPhone.ActiveCfg = Release|Any CPU
		{36403EEC-74DB-43BD-A005-45E718CE8609}.Release|iPhone.Build.0 = Release|Any CPU
		{36403EEC-74DB-43BD-A005-45E718CE8609}.Release|iPhone.Deploy.0 = Release|Any CPU
		{36403EEC-74DB-43BD-A005-45E718CE8609}.Release|iPhoneSimulator.ActiveCfg = Release|Any CPU
		{36403EEC-74DB-43BD-A005-45E718CE8609}.Release|iPhoneSimulator.Build.0 = Release|Any CPU
		{36403EEC-74DB-43BD-A005-45E718CE8609}.Release|iPhoneSimulator.Deploy.0 = Release|Any CPU
		{36403EEC-74DB-43BD-A005-45E718CE8609}.Release|x64.ActiveCfg = Release|Any CPU
		{36403EEC-74DB-43BD-A005-45E718CE8609}.Release|x64.Build.0 = Release|Any CPU
		{36403EEC-74DB-43BD-A005-45E718CE8609}.Release|x64.Deploy.0 = Release|Any CPU
		{36403EEC-74DB-43BD-A005-45E718CE8609}.Release|x86.ActiveCfg = Release|Any CPU
		{36403EEC-74DB-43BD-A005-45E718CE8609}.Release|x86.Build.0 = Release|Any CPU
		{36403EEC-74DB-43BD-A005-45E718CE8609}.Release|x86.Deploy.0 = Release|Any CPU
		{77C1D32C-4B18-491A-9334-EB663BBBFDFF}.Ad-Hoc|Any CPU.ActiveCfg = Ad-Hoc|iPhone
		{77C1D32C-4B18-491A-9334-EB663BBBFDFF}.Ad-Hoc|Any CPU.Build.0 = Ad-Hoc|iPhone
		{77C1D32C-4B18-491A-9334-EB663BBBFDFF}.Ad-Hoc|Any CPU.Deploy.0 = Ad-Hoc|iPhone
		{77C1D32C-4B18-491A-9334-EB663BBBFDFF}.Ad-Hoc|ARM.ActiveCfg = Ad-Hoc|iPhone
		{77C1D32C-4B18-491A-9334-EB663BBBFDFF}.Ad-Hoc|ARM.Build.0 = Ad-Hoc|iPhone
		{77C1D32C-4B18-491A-9334-EB663BBBFDFF}.Ad-Hoc|ARM.Deploy.0 = Ad-Hoc|iPhone
		{77C1D32C-4B18-491A-9334-EB663BBBFDFF}.Ad-Hoc|iPhone.ActiveCfg = Ad-Hoc|iPhone
		{77C1D32C-4B18-491A-9334-EB663BBBFDFF}.Ad-Hoc|iPhone.Build.0 = Ad-Hoc|iPhone
		{77C1D32C-4B18-491A-9334-EB663BBBFDFF}.Ad-Hoc|iPhone.Deploy.0 = Ad-Hoc|iPhone
		{77C1D32C-4B18-491A-9334-EB663BBBFDFF}.Ad-Hoc|iPhoneSimulator.ActiveCfg = Ad-Hoc|iPhoneSimulator
		{77C1D32C-4B18-491A-9334-EB663BBBFDFF}.Ad-Hoc|iPhoneSimulator.Build.0 = Ad-Hoc|iPhoneSimulator
		{77C1D32C-4B18-491A-9334-EB663BBBFDFF}.Ad-Hoc|iPhoneSimulator.Deploy.0 = Ad-Hoc|iPhoneSimulator
		{77C1D32C-4B18-491A-9334-EB663BBBFDFF}.Ad-Hoc|x64.ActiveCfg = Ad-Hoc|iPhone
		{77C1D32C-4B18-491A-9334-EB663BBBFDFF}.Ad-Hoc|x64.Build.0 = Ad-Hoc|iPhone
		{77C1D32C-4B18-491A-9334-EB663BBBFDFF}.Ad-Hoc|x64.Deploy.0 = Ad-Hoc|iPhone
		{77C1D32C-4B18-491A-9334-EB663BBBFDFF}.Ad-Hoc|x86.ActiveCfg = Ad-Hoc|iPhone
		{77C1D32C-4B18-491A-9334-EB663BBBFDFF}.Ad-Hoc|x86.Build.0 = Ad-Hoc|iPhone
		{77C1D32C-4B18-491A-9334-EB663BBBFDFF}.Ad-Hoc|x86.Deploy.0 = Ad-Hoc|iPhone
		{77C1D32C-4B18-491A-9334-EB663BBBFDFF}.AppStore|Any CPU.ActiveCfg = AppStore|iPhone
		{77C1D32C-4B18-491A-9334-EB663BBBFDFF}.AppStore|Any CPU.Build.0 = AppStore|iPhone
		{77C1D32C-4B18-491A-9334-EB663BBBFDFF}.AppStore|Any CPU.Deploy.0 = AppStore|iPhone
		{77C1D32C-4B18-491A-9334-EB663BBBFDFF}.AppStore|ARM.ActiveCfg = AppStore|iPhone
		{77C1D32C-4B18-491A-9334-EB663BBBFDFF}.AppStore|ARM.Build.0 = AppStore|iPhone
		{77C1D32C-4B18-491A-9334-EB663BBBFDFF}.AppStore|ARM.Deploy.0 = AppStore|iPhone
		{77C1D32C-4B18-491A-9334-EB663BBBFDFF}.AppStore|iPhone.ActiveCfg = AppStore|iPhone
		{77C1D32C-4B18-491A-9334-EB663BBBFDFF}.AppStore|iPhone.Build.0 = AppStore|iPhone
		{77C1D32C-4B18-491A-9334-EB663BBBFDFF}.AppStore|iPhone.Deploy.0 = AppStore|iPhone
		{77C1D32C-4B18-491A-9334-EB663BBBFDFF}.AppStore|iPhoneSimulator.ActiveCfg = AppStore|iPhoneSimulator
		{77C1D32C-4B18-491A-9334-EB663BBBFDFF}.AppStore|iPhoneSimulator.Build.0 = AppStore|iPhoneSimulator
		{77C1D32C-4B18-491A-9334-EB663BBBFDFF}.AppStore|iPhoneSimulator.Deploy.0 = AppStore|iPhoneSimulator
		{77C1D32C-4B18-491A-9334-EB663BBBFDFF}.AppStore|x64.ActiveCfg = AppStore|iPhone
		{77C1D32C-4B18-491A-9334-EB663BBBFDFF}.AppStore|x64.Build.0 = AppStore|iPhone
		{77C1D32C-4B18-491A-9334-EB663BBBFDFF}.AppStore|x64.Deploy.0 = AppStore|iPhone
		{77C1D32C-4B18-491A-9334-EB663BBBFDFF}.AppStore|x86.ActiveCfg = AppStore|iPhone
		{77C1D32C-4B18-491A-9334-EB663BBBFDFF}.AppStore|x86.Build.0 = AppStore|iPhone
		{77C1D32C-4B18-491A-9334-EB663BBBFDFF}.AppStore|x86.Deploy.0 = AppStore|iPhone
		{77C1D32C-4B18-491A-9334-EB663BBBFDFF}.Debug|Any CPU.ActiveCfg = Debug|iPhoneSimulator
		{77C1D32C-4B18-491A-9334-EB663BBBFDFF}.Debug|Any CPU.Build.0 = Debug|iPhoneSimulator
		{77C1D32C-4B18-491A-9334-EB663BBBFDFF}.Debug|Any CPU.Deploy.0 = Debug|iPhoneSimulator
		{77C1D32C-4B18-491A-9334-EB663BBBFDFF}.Debug|ARM.ActiveCfg = Debug|iPhone
		{77C1D32C-4B18-491A-9334-EB663BBBFDFF}.Debug|ARM.Build.0 = Debug|iPhone
		{77C1D32C-4B18-491A-9334-EB663BBBFDFF}.Debug|ARM.Deploy.0 = Debug|iPhone
		{77C1D32C-4B18-491A-9334-EB663BBBFDFF}.Debug|iPhone.ActiveCfg = Debug|iPhone
		{77C1D32C-4B18-491A-9334-EB663BBBFDFF}.Debug|iPhone.Build.0 = Debug|iPhone
		{77C1D32C-4B18-491A-9334-EB663BBBFDFF}.Debug|iPhone.Deploy.0 = Debug|iPhone
		{77C1D32C-4B18-491A-9334-EB663BBBFDFF}.Debug|iPhoneSimulator.ActiveCfg = Debug|iPhoneSimulator
		{77C1D32C-4B18-491A-9334-EB663BBBFDFF}.Debug|iPhoneSimulator.Build.0 = Debug|iPhoneSimulator
		{77C1D32C-4B18-491A-9334-EB663BBBFDFF}.Debug|iPhoneSimulator.Deploy.0 = Debug|iPhoneSimulator
		{77C1D32C-4B18-491A-9334-EB663BBBFDFF}.Debug|x64.ActiveCfg = Debug|iPhone
		{77C1D32C-4B18-491A-9334-EB663BBBFDFF}.Debug|x64.Build.0 = Debug|iPhone
		{77C1D32C-4B18-491A-9334-EB663BBBFDFF}.Debug|x64.Deploy.0 = Debug|iPhone
		{77C1D32C-4B18-491A-9334-EB663BBBFDFF}.Debug|x86.ActiveCfg = Debug|iPhone
		{77C1D32C-4B18-491A-9334-EB663BBBFDFF}.Debug|x86.Build.0 = Debug|iPhone
		{77C1D32C-4B18-491A-9334-EB663BBBFDFF}.Debug|x86.Deploy.0 = Debug|iPhone
		{77C1D32C-4B18-491A-9334-EB663BBBFDFF}.Release|Any CPU.ActiveCfg = Release|iPhone
		{77C1D32C-4B18-491A-9334-EB663BBBFDFF}.Release|Any CPU.Build.0 = Release|iPhone
		{77C1D32C-4B18-491A-9334-EB663BBBFDFF}.Release|Any CPU.Deploy.0 = Release|iPhone
		{77C1D32C-4B18-491A-9334-EB663BBBFDFF}.Release|ARM.ActiveCfg = Release|iPhone
		{77C1D32C-4B18-491A-9334-EB663BBBFDFF}.Release|ARM.Build.0 = Release|iPhone
		{77C1D32C-4B18-491A-9334-EB663BBBFDFF}.Release|ARM.Deploy.0 = Release|iPhone
		{77C1D32C-4B18-491A-9334-EB663BBBFDFF}.Release|iPhone.ActiveCfg = Release|iPhone
		{77C1D32C-4B18-491A-9334-EB663BBBFDFF}.Release|iPhone.Build.0 = Release|iPhone
		{77C1D32C-4B18-491A-9334-EB663BBBFDFF}.Release|iPhone.Deploy.0 = Release|iPhone
		{77C1D32C-4B18-491A-9334-EB663BBBFDFF}.Release|iPhoneSimulator.ActiveCfg = Release|iPhoneSimulator
		{77C1D32C-4B18-491A-9334-EB663BBBFDFF}.Release|iPhoneSimulator.Build.0 = Release|iPhoneSimulator
		{77C1D32C-4B18-491A-9334-EB663BBBFDFF}.Release|iPhoneSimulator.Deploy.0 = Release|iPhoneSimulator
		{77C1D32C-4B18-491A-9334-EB663BBBFDFF}.Release|x64.ActiveCfg = Release|iPhone
		{77C1D32C-4B18-491A-9334-EB663BBBFDFF}.Release|x64.Build.0 = Release|iPhone
		{77C1D32C-4B18-491A-9334-EB663BBBFDFF}.Release|x64.Deploy.0 = Release|iPhone
		{77C1D32C-4B18-491A-9334-EB663BBBFDFF}.Release|x86.ActiveCfg = Release|iPhone
		{77C1D32C-4B18-491A-9334-EB663BBBFDFF}.Release|x86.Build.0 = Release|iPhone
		{77C1D32C-4B18-491A-9334-EB663BBBFDFF}.Release|x86.Deploy.0 = Release|iPhone
		{EE43A0FC-47BB-4EBB-8B35-3B1D890AB1B3}.Ad-Hoc|Any CPU.ActiveCfg = Release|x86
		{EE43A0FC-47BB-4EBB-8B35-3B1D890AB1B3}.Ad-Hoc|Any CPU.Build.0 = Release|x86
		{EE43A0FC-47BB-4EBB-8B35-3B1D890AB1B3}.Ad-Hoc|Any CPU.Deploy.0 = Release|x86
		{EE43A0FC-47BB-4EBB-8B35-3B1D890AB1B3}.Ad-Hoc|ARM.ActiveCfg = Release|ARM
		{EE43A0FC-47BB-4EBB-8B35-3B1D890AB1B3}.Ad-Hoc|ARM.Build.0 = Release|ARM
		{EE43A0FC-47BB-4EBB-8B35-3B1D890AB1B3}.Ad-Hoc|ARM.Deploy.0 = Release|ARM
		{EE43A0FC-47BB-4EBB-8B35-3B1D890AB1B3}.Ad-Hoc|iPhone.ActiveCfg = Release|x86
		{EE43A0FC-47BB-4EBB-8B35-3B1D890AB1B3}.Ad-Hoc|iPhone.Build.0 = Release|x86
		{EE43A0FC-47BB-4EBB-8B35-3B1D890AB1B3}.Ad-Hoc|iPhone.Deploy.0 = Release|x86
		{EE43A0FC-47BB-4EBB-8B35-3B1D890AB1B3}.Ad-Hoc|iPhoneSimulator.ActiveCfg = Release|x86
		{EE43A0FC-47BB-4EBB-8B35-3B1D890AB1B3}.Ad-Hoc|iPhoneSimulator.Build.0 = Release|x86
		{EE43A0FC-47BB-4EBB-8B35-3B1D890AB1B3}.Ad-Hoc|iPhoneSimulator.Deploy.0 = Release|x86
		{EE43A0FC-47BB-4EBB-8B35-3B1D890AB1B3}.Ad-Hoc|x64.ActiveCfg = Release|x64
		{EE43A0FC-47BB-4EBB-8B35-3B1D890AB1B3}.Ad-Hoc|x64.Build.0 = Release|x64
		{EE43A0FC-47BB-4EBB-8B35-3B1D890AB1B3}.Ad-Hoc|x64.Deploy.0 = Release|x64
		{EE43A0FC-47BB-4EBB-8B35-3B1D890AB1B3}.Ad-Hoc|x86.ActiveCfg = Release|x86
		{EE43A0FC-47BB-4EBB-8B35-3B1D890AB1B3}.Ad-Hoc|x86.Build.0 = Release|x86
		{EE43A0FC-47BB-4EBB-8B35-3B1D890AB1B3}.Ad-Hoc|x86.Deploy.0 = Release|x86
		{EE43A0FC-47BB-4EBB-8B35-3B1D890AB1B3}.AppStore|Any CPU.ActiveCfg = Release|x86
		{EE43A0FC-47BB-4EBB-8B35-3B1D890AB1B3}.AppStore|Any CPU.Build.0 = Release|x86
		{EE43A0FC-47BB-4EBB-8B35-3B1D890AB1B3}.AppStore|Any CPU.Deploy.0 = Release|x86
		{EE43A0FC-47BB-4EBB-8B35-3B1D890AB1B3}.AppStore|ARM.ActiveCfg = Release|ARM
		{EE43A0FC-47BB-4EBB-8B35-3B1D890AB1B3}.AppStore|ARM.Build.0 = Release|ARM
		{EE43A0FC-47BB-4EBB-8B35-3B1D890AB1B3}.AppStore|ARM.Deploy.0 = Release|ARM
		{EE43A0FC-47BB-4EBB-8B35-3B1D890AB1B3}.AppStore|iPhone.ActiveCfg = Release|x86
		{EE43A0FC-47BB-4EBB-8B35-3B1D890AB1B3}.AppStore|iPhone.Build.0 = Release|x86
		{EE43A0FC-47BB-4EBB-8B35-3B1D890AB1B3}.AppStore|iPhone.Deploy.0 = Release|x86
		{EE43A0FC-47BB-4EBB-8B35-3B1D890AB1B3}.AppStore|iPhoneSimulator.ActiveCfg = Release|x86
		{EE43A0FC-47BB-4EBB-8B35-3B1D890AB1B3}.AppStore|iPhoneSimulator.Build.0 = Release|x86
		{EE43A0FC-47BB-4EBB-8B35-3B1D890AB1B3}.AppStore|iPhoneSimulator.Deploy.0 = Release|x86
		{EE43A0FC-47BB-4EBB-8B35-3B1D890AB1B3}.AppStore|x64.ActiveCfg = Release|x64
		{EE43A0FC-47BB-4EBB-8B35-3B1D890AB1B3}.AppStore|x64.Build.0 = Release|x64
		{EE43A0FC-47BB-4EBB-8B35-3B1D890AB1B3}.AppStore|x64.Deploy.0 = Release|x64
		{EE43A0FC-47BB-4EBB-8B35-3B1D890AB1B3}.AppStore|x86.ActiveCfg = Release|x86
		{EE43A0FC-47BB-4EBB-8B35-3B1D890AB1B3}.AppStore|x86.Build.0 = Release|x86
		{EE43A0FC-47BB-4EBB-8B35-3B1D890AB1B3}.AppStore|x86.Deploy.0 = Release|x86
		{EE43A0FC-47BB-4EBB-8B35-3B1D890AB1B3}.Debug|Any CPU.ActiveCfg = Debug|x86
		{EE43A0FC-47BB-4EBB-8B35-3B1D890AB1B3}.Debug|Any CPU.Build.0 = Debug|x86
		{EE43A0FC-47BB-4EBB-8B35-3B1D890AB1B3}.Debug|Any CPU.Deploy.0 = Debug|x86
		{EE43A0FC-47BB-4EBB-8B35-3B1D890AB1B3}.Debug|ARM.ActiveCfg = Debug|ARM
		{EE43A0FC-47BB-4EBB-8B35-3B1D890AB1B3}.Debug|ARM.Build.0 = Debug|ARM
		{EE43A0FC-47BB-4EBB-8B35-3B1D890AB1B3}.Debug|ARM.Deploy.0 = Debug|ARM
		{EE43A0FC-47BB-4EBB-8B35-3B1D890AB1B3}.Debug|iPhone.ActiveCfg = Debug|x86
		{EE43A0FC-47BB-4EBB-8B35-3B1D890AB1B3}.Debug|iPhone.Build.0 = Debug|x86
		{EE43A0FC-47BB-4EBB-8B35-3B1D890AB1B3}.Debug|iPhone.Deploy.0 = Debug|x86
		{EE43A0FC-47BB-4EBB-8B35-3B1D890AB1B3}.Debug|iPhoneSimulator.ActiveCfg = Debug|x86
		{EE43A0FC-47BB-4EBB-8B35-3B1D890AB1B3}.Debug|iPhoneSimulator.Build.0 = Debug|x86
		{EE43A0FC-47BB-4EBB-8B35-3B1D890AB1B3}.Debug|iPhoneSimulator.Deploy.0 = Debug|x86
		{EE43A0FC-47BB-4EBB-8B35-3B1D890AB1B3}.Debug|x64.ActiveCfg = Debug|x64
		{EE43A0FC-47BB-4EBB-8B35-3B1D890AB1B3}.Debug|x64.Build.0 = Debug|x64
		{EE43A0FC-47BB-4EBB-8B35-3B1D890AB1B3}.Debug|x64.Deploy.0 = Debug|x64
		{EE43A0FC-47BB-4EBB-8B35-3B1D890AB1B3}.Debug|x86.ActiveCfg = Debug|x86
		{EE43A0FC-47BB-4EBB-8B35-3B1D890AB1B3}.Debug|x86.Build.0 = Debug|x86
		{EE43A0FC-47BB-4EBB-8B35-3B1D890AB1B3}.Debug|x86.Deploy.0 = Debug|x86
		{EE43A0FC-47BB-4EBB-8B35-3B1D890AB1B3}.Release|Any CPU.ActiveCfg = Release|x86
		{EE43A0FC-47BB-4EBB-8B35-3B1D890AB1B3}.Release|Any CPU.Build.0 = Release|x86
		{EE43A0FC-47BB-4EBB-8B35-3B1D890AB1B3}.Release|Any CPU.Deploy.0 = Release|x86
		{EE43A0FC-47BB-4EBB-8B35-3B1D890AB1B3}.Release|ARM.ActiveCfg = Release|ARM
		{EE43A0FC-47BB-4EBB-8B35-3B1D890AB1B3}.Release|ARM.Build.0 = Release|ARM
		{EE43A0FC-47BB-4EBB-8B35-3B1D890AB1B3}.Release|ARM.Deploy.0 = Release|ARM
		{EE43A0FC-47BB-4EBB-8B35-3B1D890AB1B3}.Release|iPhone.ActiveCfg = Release|x86
		{EE43A0FC-47BB-4EBB-8B35-3B1D890AB1B3}.Release|iPhone.Build.0 = Release|x86
		{EE43A0FC-47BB-4EBB-8B35-3B1D890AB1B3}.Release|iPhone.Deploy.0 = Release|x86
		{EE43A0FC-47BB-4EBB-8B35-3B1D890AB1B3}.Release|iPhoneSimulator.ActiveCfg = Release|x86
		{EE43A0FC-47BB-4EBB-8B35-3B1D890AB1B3}.Release|iPhoneSimulator.Build.0 = Release|x86
		{EE43A0FC-47BB-4EBB-8B35-3B1D890AB1B3}.Release|iPhoneSimulator.Deploy.0 = Release|x86
		{EE43A0FC-47BB-4EBB-8B35-3B1D890AB1B3}.Release|x64.ActiveCfg = Release|x64
		{EE43A0FC-47BB-4EBB-8B35-3B1D890AB1B3}.Release|x64.Build.0 = Release|x64
		{EE43A0FC-47BB-4EBB-8B35-3B1D890AB1B3}.Release|x64.Deploy.0 = Release|x64
		{EE43A0FC-47BB-4EBB-8B35-3B1D890AB1B3}.Release|x86.ActiveCfg = Release|x86
		{EE43A0FC-47BB-4EBB-8B35-3B1D890AB1B3}.Release|x86.Build.0 = Release|x86
		{EE43A0FC-47BB-4EBB-8B35-3B1D890AB1B3}.Release|x86.Deploy.0 = Release|x86
		{2098AF02-838C-4C2E-A224-0B4A7DEB2DBE}.Ad-Hoc|Any CPU.ActiveCfg = Debug|Any CPU
		{2098AF02-838C-4C2E-A224-0B4A7DEB2DBE}.Ad-Hoc|Any CPU.Build.0 = Debug|Any CPU
		{2098AF02-838C-4C2E-A224-0B4A7DEB2DBE}.Ad-Hoc|Any CPU.Deploy.0 = Debug|Any CPU
		{2098AF02-838C-4C2E-A224-0B4A7DEB2DBE}.Ad-Hoc|ARM.ActiveCfg = Debug|Any CPU
		{2098AF02-838C-4C2E-A224-0B4A7DEB2DBE}.Ad-Hoc|ARM.Build.0 = Debug|Any CPU
		{2098AF02-838C-4C2E-A224-0B4A7DEB2DBE}.Ad-Hoc|ARM.Deploy.0 = Debug|Any CPU
		{2098AF02-838C-4C2E-A224-0B4A7DEB2DBE}.Ad-Hoc|iPhone.ActiveCfg = Debug|Any CPU
		{2098AF02-838C-4C2E-A224-0B4A7DEB2DBE}.Ad-Hoc|iPhone.Build.0 = Debug|Any CPU
		{2098AF02-838C-4C2E-A224-0B4A7DEB2DBE}.Ad-Hoc|iPhone.Deploy.0 = Debug|Any CPU
		{2098AF02-838C-4C2E-A224-0B4A7DEB2DBE}.Ad-Hoc|iPhoneSimulator.ActiveCfg = Debug|Any CPU
		{2098AF02-838C-4C2E-A224-0B4A7DEB2DBE}.Ad-Hoc|iPhoneSimulator.Build.0 = Debug|Any CPU
		{2098AF02-838C-4C2E-A224-0B4A7DEB2DBE}.Ad-Hoc|iPhoneSimulator.Deploy.0 = Debug|Any CPU
		{2098AF02-838C-4C2E-A224-0B4A7DEB2DBE}.Ad-Hoc|x64.ActiveCfg = Debug|Any CPU
		{2098AF02-838C-4C2E-A224-0B4A7DEB2DBE}.Ad-Hoc|x64.Build.0 = Debug|Any CPU
		{2098AF02-838C-4C2E-A224-0B4A7DEB2DBE}.Ad-Hoc|x64.Deploy.0 = Debug|Any CPU
		{2098AF02-838C-4C2E-A224-0B4A7DEB2DBE}.Ad-Hoc|x86.ActiveCfg = Debug|Any CPU
		{2098AF02-838C-4C2E-A224-0B4A7DEB2DBE}.Ad-Hoc|x86.Build.0 = Debug|Any CPU
		{2098AF02-838C-4C2E-A224-0B4A7DEB2DBE}.Ad-Hoc|x86.Deploy.0 = Debug|Any CPU
		{2098AF02-838C-4C2E-A224-0B4A7DEB2DBE}.AppStore|Any CPU.ActiveCfg = Debug|Any CPU
		{2098AF02-838C-4C2E-A224-0B4A7DEB2DBE}.AppStore|Any CPU.Build.0 = Debug|Any CPU
		{2098AF02-838C-4C2E-A224-0B4A7DEB2DBE}.AppStore|Any CPU.Deploy.0 = Debug|Any CPU
		{2098AF02-838C-4C2E-A224-0B4A7DEB2DBE}.AppStore|ARM.ActiveCfg = Debug|Any CPU
		{2098AF02-838C-4C2E-A224-0B4A7DEB2DBE}.AppStore|ARM.Build.0 = Debug|Any CPU
		{2098AF02-838C-4C2E-A224-0B4A7DEB2DBE}.AppStore|ARM.Deploy.0 = Debug|Any CPU
		{2098AF02-838C-4C2E-A224-0B4A7DEB2DBE}.AppStore|iPhone.ActiveCfg = Debug|Any CPU
		{2098AF02-838C-4C2E-A224-0B4A7DEB2DBE}.AppStore|iPhone.Build.0 = Debug|Any CPU
		{2098AF02-838C-4C2E-A224-0B4A7DEB2DBE}.AppStore|iPhone.Deploy.0 = Debug|Any CPU
		{2098AF02-838C-4C2E-A224-0B4A7DEB2DBE}.AppStore|iPhoneSimulator.ActiveCfg = Debug|Any CPU
		{2098AF02-838C-4C2E-A224-0B4A7DEB2DBE}.AppStore|iPhoneSimulator.Build.0 = Debug|Any CPU
		{2098AF02-838C-4C2E-A224-0B4A7DEB2DBE}.AppStore|iPhoneSimulator.Deploy.0 = Debug|Any CPU
		{2098AF02-838C-4C2E-A224-0B4A7DEB2DBE}.AppStore|x64.ActiveCfg = Debug|Any CPU
		{2098AF02-838C-4C2E-A224-0B4A7DEB2DBE}.AppStore|x64.Build.0 = Debug|Any CPU
		{2098AF02-838C-4C2E-A224-0B4A7DEB2DBE}.AppStore|x64.Deploy.0 = Debug|Any CPU
		{2098AF02-838C-4C2E-A224-0B4A7DEB2DBE}.AppStore|x86.ActiveCfg = Debug|Any CPU
		{2098AF02-838C-4C2E-A224-0B4A7DEB2DBE}.AppStore|x86.Build.0 = Debug|Any CPU
		{2098AF02-838C-4C2E-A224-0B4A7DEB2DBE}.AppStore|x86.Deploy.0 = Debug|Any CPU
		{2098AF02-838C-4C2E-A224-0B4A7DEB2DBE}.Debug|Any CPU.ActiveCfg = Debug|Any CPU
		{2098AF02-838C-4C2E-A224-0B4A7DEB2DBE}.Debug|Any CPU.Build.0 = Debug|Any CPU
		{2098AF02-838C-4C2E-A224-0B4A7DEB2DBE}.Debug|Any CPU.Deploy.0 = Debug|Any CPU
		{2098AF02-838C-4C2E-A224-0B4A7DEB2DBE}.Debug|ARM.ActiveCfg = Debug|Any CPU
		{2098AF02-838C-4C2E-A224-0B4A7DEB2DBE}.Debug|ARM.Build.0 = Debug|Any CPU
		{2098AF02-838C-4C2E-A224-0B4A7DEB2DBE}.Debug|ARM.Deploy.0 = Debug|Any CPU
		{2098AF02-838C-4C2E-A224-0B4A7DEB2DBE}.Debug|iPhone.ActiveCfg = Debug|Any CPU
		{2098AF02-838C-4C2E-A224-0B4A7DEB2DBE}.Debug|iPhone.Build.0 = Debug|Any CPU
		{2098AF02-838C-4C2E-A224-0B4A7DEB2DBE}.Debug|iPhone.Deploy.0 = Debug|Any CPU
		{2098AF02-838C-4C2E-A224-0B4A7DEB2DBE}.Debug|iPhoneSimulator.ActiveCfg = Debug|Any CPU
		{2098AF02-838C-4C2E-A224-0B4A7DEB2DBE}.Debug|iPhoneSimulator.Build.0 = Debug|Any CPU
		{2098AF02-838C-4C2E-A224-0B4A7DEB2DBE}.Debug|iPhoneSimulator.Deploy.0 = Debug|Any CPU
		{2098AF02-838C-4C2E-A224-0B4A7DEB2DBE}.Debug|x64.ActiveCfg = Debug|Any CPU
		{2098AF02-838C-4C2E-A224-0B4A7DEB2DBE}.Debug|x64.Build.0 = Debug|Any CPU
		{2098AF02-838C-4C2E-A224-0B4A7DEB2DBE}.Debug|x64.Deploy.0 = Debug|Any CPU
		{2098AF02-838C-4C2E-A224-0B4A7DEB2DBE}.Debug|x86.ActiveCfg = Debug|Any CPU
		{2098AF02-838C-4C2E-A224-0B4A7DEB2DBE}.Debug|x86.Build.0 = Debug|Any CPU
		{2098AF02-838C-4C2E-A224-0B4A7DEB2DBE}.Debug|x86.Deploy.0 = Debug|Any CPU
		{2098AF02-838C-4C2E-A224-0B4A7DEB2DBE}.Release|Any CPU.ActiveCfg = Release|Any CPU
		{2098AF02-838C-4C2E-A224-0B4A7DEB2DBE}.Release|Any CPU.Build.0 = Release|Any CPU
		{2098AF02-838C-4C2E-A224-0B4A7DEB2DBE}.Release|Any CPU.Deploy.0 = Release|Any CPU
		{2098AF02-838C-4C2E-A224-0B4A7DEB2DBE}.Release|ARM.ActiveCfg = Release|Any CPU
		{2098AF02-838C-4C2E-A224-0B4A7DEB2DBE}.Release|ARM.Build.0 = Release|Any CPU
		{2098AF02-838C-4C2E-A224-0B4A7DEB2DBE}.Release|ARM.Deploy.0 = Release|Any CPU
		{2098AF02-838C-4C2E-A224-0B4A7DEB2DBE}.Release|iPhone.ActiveCfg = Release|Any CPU
		{2098AF02-838C-4C2E-A224-0B4A7DEB2DBE}.Release|iPhone.Build.0 = Release|Any CPU
		{2098AF02-838C-4C2E-A224-0B4A7DEB2DBE}.Release|iPhone.Deploy.0 = Release|Any CPU
		{2098AF02-838C-4C2E-A224-0B4A7DEB2DBE}.Release|iPhoneSimulator.ActiveCfg = Release|Any CPU
		{2098AF02-838C-4C2E-A224-0B4A7DEB2DBE}.Release|iPhoneSimulator.Build.0 = Release|Any CPU
		{2098AF02-838C-4C2E-A224-0B4A7DEB2DBE}.Release|iPhoneSimulator.Deploy.0 = Release|Any CPU
		{2098AF02-838C-4C2E-A224-0B4A7DEB2DBE}.Release|x64.ActiveCfg = Release|Any CPU
		{2098AF02-838C-4C2E-A224-0B4A7DEB2DBE}.Release|x64.Build.0 = Release|Any CPU
		{2098AF02-838C-4C2E-A224-0B4A7DEB2DBE}.Release|x64.Deploy.0 = Release|Any CPU
		{2098AF02-838C-4C2E-A224-0B4A7DEB2DBE}.Release|x86.ActiveCfg = Release|Any CPU
		{2098AF02-838C-4C2E-A224-0B4A7DEB2DBE}.Release|x86.Build.0 = Release|Any CPU
		{2098AF02-838C-4C2E-A224-0B4A7DEB2DBE}.Release|x86.Deploy.0 = Release|Any CPU
	EndGlobalSection
	GlobalSection(SolutionProperties) = preSolution
		HideSolutionNode = FALSE
	EndGlobalSection
	GlobalSection(ExtensibilityGlobals) = postSolution
		SolutionGuid = {E71F6138-02FC-400B-8A19-A4FA6C94DD44}
	EndGlobalSection
EndGlobal
