
Microsoft Visual Studio Solution File, Format Version 12.00
# Visual Studio 15
VisualStudioVersion = 15.0.28307.757
MinimumVisualStudioVersion = 10.0.40219.1
Project("{FAE04EC0-301F-11D3-BF4B-00C04F79EFBC}") = "Syokuhi", "Syokuhi\Syokuhi.csproj", "{B0970C3A-DC2B-4F78-8E1D-35330D37B7B2}"
EndProject
Global
	GlobalSection(SolutionConfigurationPlatforms) = preSolution
		Debug|Any CPU = Debug|Any CPU
		Release|Any CPU = Release|Any CPU
	EndGlobalSection
	GlobalSection(ProjectConfigurationPlatforms) = postSolution
		{B0970C3A-DC2B-4F78-8E1D-35330D37B7B2}.Debug|Any CPU.ActiveCfg = Debug|Any CPU
		{B0970C3A-DC2B-4F78-8E1D-35330D37B7B2}.Debug|Any CPU.Build.0 = Debug|Any CPU
		{B0970C3A-DC2B-4F78-8E1D-35330D37B7B2}.Debug|Any CPU.Deploy.0 = Debug|Any CPU
		{B0970C3A-DC2B-4F78-8E1D-35330D37B7B2}.Release|Any CPU.ActiveCfg = Release|Any CPU
		{B0970C3A-DC2B-4F78-8E1D-35330D37B7B2}.Release|Any CPU.Build.0 = Release|Any CPU
		{B0970C3A-DC2B-4F78-8E1D-35330D37B7B2}.Release|Any CPU.Deploy.0 = Release|Any CPU
	EndGlobalSection
	GlobalSection(SolutionProperties) = preSolution
		HideSolutionNode = FALSE
	EndGlobalSection
	GlobalSection(ExtensibilityGlobals) = postSolution
		SolutionGuid = {2B64E24C-0091-4CE9-A518-1F7EADB2FDA2}
	EndGlobalSection
EndGlobal
